
Microsoft Visual Studio Solution File, Format Version 12.00
# Visual Studio Version 16
VisualStudioVersion = 16.0.31424.327
MinimumVisualStudioVersion = 10.0.40219.1
Project("{9A19103F-16F7-4668-BE54-9A1E7A4F7556}") = "Ejercicio1", "EjercicioUno\Ejercicio1.csproj", "{31388A57-197F-4247-B4D7-1202D30B7A3E}"
EndProject
Project("{9A19103F-16F7-4668-BE54-9A1E7A4F7556}") = "Ejercicio2", "EjercicioDos\Ejercicio2.csproj", "{DDA2AA70-1F2C-49BB-9718-ABA305DD5044}"
EndProject
Project("{9A19103F-16F7-4668-BE54-9A1E7A4F7556}") = "Ejercicio3", "Ejercicio3\Ejercicio3.csproj", "{558FAC8A-1567-453A-9F32-1FA5A52F2CC9}"
EndProject
Project("{9A19103F-16F7-4668-BE54-9A1E7A4F7556}") = "Ejercicio4", "Ejercicio4\Ejercicio4.csproj", "{B83E1FAD-B6AE-466D-9F2D-19B2F074CFC7}"
EndProject
Project("{FAE04EC0-301F-11D3-BF4B-00C04F79EFBC}") = "Ejercicio5", "Ejercicio5\Ejercicio5.csproj", "{B96FAB9E-66F0-47AB-AD36-BC3BD1FD9B2F}"
EndProject
Global
	GlobalSection(SolutionConfigurationPlatforms) = preSolution
		Debug|Any CPU = Debug|Any CPU
		Release|Any CPU = Release|Any CPU
	EndGlobalSection
	GlobalSection(ProjectConfigurationPlatforms) = postSolution
		{31388A57-197F-4247-B4D7-1202D30B7A3E}.Debug|Any CPU.ActiveCfg = Debug|Any CPU
		{31388A57-197F-4247-B4D7-1202D30B7A3E}.Debug|Any CPU.Build.0 = Debug|Any CPU
		{31388A57-197F-4247-B4D7-1202D30B7A3E}.Release|Any CPU.ActiveCfg = Release|Any CPU
		{31388A57-197F-4247-B4D7-1202D30B7A3E}.Release|Any CPU.Build.0 = Release|Any CPU
		{DDA2AA70-1F2C-49BB-9718-ABA305DD5044}.Debug|Any CPU.ActiveCfg = Debug|Any CPU
		{DDA2AA70-1F2C-49BB-9718-ABA305DD5044}.Debug|Any CPU.Build.0 = Debug|Any CPU
		{DDA2AA70-1F2C-49BB-9718-ABA305DD5044}.Release|Any CPU.ActiveCfg = Release|Any CPU
		{DDA2AA70-1F2C-49BB-9718-ABA305DD5044}.Release|Any CPU.Build.0 = Release|Any CPU
		{558FAC8A-1567-453A-9F32-1FA5A52F2CC9}.Debug|Any CPU.ActiveCfg = Debug|Any CPU
		{558FAC8A-1567-453A-9F32-1FA5A52F2CC9}.Debug|Any CPU.Build.0 = Debug|Any CPU
		{558FAC8A-1567-453A-9F32-1FA5A52F2CC9}.Release|Any CPU.ActiveCfg = Release|Any CPU
		{558FAC8A-1567-453A-9F32-1FA5A52F2CC9}.Release|Any CPU.Build.0 = Release|Any CPU
		{B83E1FAD-B6AE-466D-9F2D-19B2F074CFC7}.Debug|Any CPU.ActiveCfg = Debug|Any CPU
		{B83E1FAD-B6AE-466D-9F2D-19B2F074CFC7}.Debug|Any CPU.Build.0 = Debug|Any CPU
		{B83E1FAD-B6AE-466D-9F2D-19B2F074CFC7}.Release|Any CPU.ActiveCfg = Release|Any CPU
		{B83E1FAD-B6AE-466D-9F2D-19B2F074CFC7}.Release|Any CPU.Build.0 = Release|Any CPU
		{B96FAB9E-66F0-47AB-AD36-BC3BD1FD9B2F}.Debug|Any CPU.ActiveCfg = Debug|Any CPU
		{B96FAB9E-66F0-47AB-AD36-BC3BD1FD9B2F}.Debug|Any CPU.Build.0 = Debug|Any CPU
		{B96FAB9E-66F0-47AB-AD36-BC3BD1FD9B2F}.Release|Any CPU.ActiveCfg = Release|Any CPU
		{B96FAB9E-66F0-47AB-AD36-BC3BD1FD9B2F}.Release|Any CPU.Build.0 = Release|Any CPU
	EndGlobalSection
	GlobalSection(SolutionProperties) = preSolution
		HideSolutionNode = FALSE
	EndGlobalSection
	GlobalSection(ExtensibilityGlobals) = postSolution
		SolutionGuid = {5A591749-7CE7-45D4-B54B-D6DCFC749E10}
	EndGlobalSection
EndGlobal
